// !$*UTF8*$!
{
	archiveVersion = 1;
	classes = {
	};
	objectVersion = 50;
	objects = {

/* Begin PBXBuildFile section */
		A4C9CA9C22BAD451006E785F /* AppDelegate.swift in Sources */ = {isa = PBXBuildFile; fileRef = A4C9CA9B22BAD451006E785F /* AppDelegate.swift */; };
		A4C9CAA122BAD451006E785F /* Main.storyboard in Resources */ = {isa = PBXBuildFile; fileRef = A4C9CA9F22BAD451006E785F /* Main.storyboard */; };
		A4C9CAA422BAD451006E785F /* Task.xcdatamodeld in Sources */ = {isa = PBXBuildFile; fileRef = A4C9CAA222BAD451006E785F /* Task.xcdatamodeld */; };
		A4C9CAA622BAD453006E785F /* Assets.xcassets in Resources */ = {isa = PBXBuildFile; fileRef = A4C9CAA522BAD453006E785F /* Assets.xcassets */; };
		A4C9CAA922BAD453006E785F /* LaunchScreen.storyboard in Resources */ = {isa = PBXBuildFile; fileRef = A4C9CAA722BAD453006E785F /* LaunchScreen.storyboard */; };
		A4C9CAB122BAD6A7006E785F /* TaskListTableViewController.swift in Sources */ = {isa = PBXBuildFile; fileRef = A4C9CAB022BAD6A7006E785F /* TaskListTableViewController.swift */; };
		A4C9CAB422BADBCE006E785F /* TaskDetailTableViewController.swift in Sources */ = {isa = PBXBuildFile; fileRef = A4C9CAB322BADBCE006E785F /* TaskDetailTableViewController.swift */; };
		A4C9CAB622BADC18006E785F /* CoreDataStack.swift in Sources */ = {isa = PBXBuildFile; fileRef = A4C9CAB522BADC18006E785F /* CoreDataStack.swift */; };
		A4C9CAB822BADD41006E785F /* Task+Convenience.swift in Sources */ = {isa = PBXBuildFile; fileRef = A4C9CAB722BADD41006E785F /* Task+Convenience.swift */; };
		A4C9CABB22BAE02A006E785F /* TaskController.swift in Sources */ = {isa = PBXBuildFile; fileRef = A4C9CABA22BAE02A006E785F /* TaskController.swift */; };
		A4C9CABE22BB0154006E785F /* DateHelpers.swift in Sources */ = {isa = PBXBuildFile; fileRef = A4C9CABD22BB0154006E785F /* DateHelpers.swift */; };
		A4C9CAC022BB13FE006E785F /* ButtonTableViewCell.swift in Sources */ = {isa = PBXBuildFile; fileRef = A4C9CABF22BB13FE006E785F /* ButtonTableViewCell.swift */; };
/* End PBXBuildFile section */

/* Begin PBXFileReference section */
		A4C9CA9822BAD451006E785F /* Task.app */ = {isa = PBXFileReference; explicitFileType = wrapper.application; includeInIndex = 0; path = Task.app; sourceTree = BUILT_PRODUCTS_DIR; };
		A4C9CA9B22BAD451006E785F /* AppDelegate.swift */ = {isa = PBXFileReference; lastKnownFileType = sourcecode.swift; path = AppDelegate.swift; sourceTree = "<group>"; };
		A4C9CAA022BAD451006E785F /* Base */ = {isa = PBXFileReference; lastKnownFileType = file.storyboard; name = Base; path = Base.lproj/Main.storyboard; sourceTree = "<group>"; };
		A4C9CAA322BAD451006E785F /* Task.xcdatamodel */ = {isa = PBXFileReference; lastKnownFileType = wrapper.xcdatamodel; path = Task.xcdatamodel; sourceTree = "<group>"; };
		A4C9CAA522BAD453006E785F /* Assets.xcassets */ = {isa = PBXFileReference; lastKnownFileType = folder.assetcatalog; path = Assets.xcassets; sourceTree = "<group>"; };
		A4C9CAA822BAD453006E785F /* Base */ = {isa = PBXFileReference; lastKnownFileType = file.storyboard; name = Base; path = Base.lproj/LaunchScreen.storyboard; sourceTree = "<group>"; };
		A4C9CAAA22BAD453006E785F /* Info.plist */ = {isa = PBXFileReference; lastKnownFileType = text.plist.xml; path = Info.plist; sourceTree = "<group>"; };
		A4C9CAB022BAD6A7006E785F /* TaskListTableViewController.swift */ = {isa = PBXFileReference; lastKnownFileType = sourcecode.swift; path = TaskListTableViewController.swift; sourceTree = "<group>"; };
		A4C9CAB322BADBCE006E785F /* TaskDetailTableViewController.swift */ = {isa = PBXFileReference; lastKnownFileType = sourcecode.swift; path = TaskDetailTableViewController.swift; sourceTree = "<group>"; };
		A4C9CAB522BADC18006E785F /* CoreDataStack.swift */ = {isa = PBXFileReference; lastKnownFileType = sourcecode.swift; path = CoreDataStack.swift; sourceTree = "<group>"; };
		A4C9CAB722BADD41006E785F /* Task+Convenience.swift */ = {isa = PBXFileReference; lastKnownFileType = sourcecode.swift; path = "Task+Convenience.swift"; sourceTree = "<group>"; };
		A4C9CABA22BAE02A006E785F /* TaskController.swift */ = {isa = PBXFileReference; lastKnownFileType = sourcecode.swift; path = TaskController.swift; sourceTree = "<group>"; };
		A4C9CABD22BB0154006E785F /* DateHelpers.swift */ = {isa = PBXFileReference; lastKnownFileType = sourcecode.swift; path = DateHelpers.swift; sourceTree = "<group>"; };
		A4C9CABF22BB13FE006E785F /* ButtonTableViewCell.swift */ = {isa = PBXFileReference; lastKnownFileType = sourcecode.swift; path = ButtonTableViewCell.swift; sourceTree = "<group>"; };
/* End PBXFileReference section */

/* Begin PBXFrameworksBuildPhase section */
		A4C9CA9522BAD451006E785F /* Frameworks */ = {
			isa = PBXFrameworksBuildPhase;
			buildActionMask = 2147483647;
			files = (
			);
			runOnlyForDeploymentPostprocessing = 0;
		};
/* End PBXFrameworksBuildPhase section */

/* Begin PBXGroup section */
		A4C9CA8F22BAD451006E785F = {
			isa = PBXGroup;
			children = (
				A4C9CA9A22BAD451006E785F /* Task */,
				A4C9CA9922BAD451006E785F /* Products */,
			);
			sourceTree = "<group>";
		};
		A4C9CA9922BAD451006E785F /* Products */ = {
			isa = PBXGroup;
			children = (
				A4C9CA9822BAD451006E785F /* Task.app */,
			);
			name = Products;
			sourceTree = "<group>";
		};
		A4C9CA9A22BAD451006E785F /* Task */ = {
			isa = PBXGroup;
			children = (
				A4C9CAB922BADFCE006E785F /* Resources */,
				A4C9CAB222BAD6B0006E785F /* View Controllers */,
				A4C9CABC22BAE34A006E785F /* View */,
				A4C9CAB522BADC18006E785F /* CoreDataStack.swift */,
				A4C9CAA222BAD451006E785F /* Task.xcdatamodeld */,
				A4C9CAB722BADD41006E785F /* Task+Convenience.swift */,
				A4C9CABA22BAE02A006E785F /* TaskController.swift */,
				A4C9CABD22BB0154006E785F /* DateHelpers.swift */,
			);
			path = Task;
			sourceTree = "<group>";
		};
		A4C9CAB222BAD6B0006E785F /* View Controllers */ = {
			isa = PBXGroup;
			children = (
				A4C9CAB022BAD6A7006E785F /* TaskListTableViewController.swift */,
				A4C9CAB322BADBCE006E785F /* TaskDetailTableViewController.swift */,
				A4C9CABF22BB13FE006E785F /* ButtonTableViewCell.swift */,
			);
			path = "View Controllers";
			sourceTree = "<group>";
		};
		A4C9CAB922BADFCE006E785F /* Resources */ = {
			isa = PBXGroup;
			children = (
				A4C9CA9B22BAD451006E785F /* AppDelegate.swift */,
				A4C9CAA522BAD453006E785F /* Assets.xcassets */,
				A4C9CAA722BAD453006E785F /* LaunchScreen.storyboard */,
				A4C9CAAA22BAD453006E785F /* Info.plist */,
			);
			path = Resources;
			sourceTree = "<group>";
		};
		A4C9CABC22BAE34A006E785F /* View */ = {
			isa = PBXGroup;
			children = (
				A4C9CA9F22BAD451006E785F /* Main.storyboard */,
			);
			path = View;
			sourceTree = "<group>";
		};
/* End PBXGroup section */

/* Begin PBXNativeTarget section */
		A4C9CA9722BAD451006E785F /* Task */ = {
			isa = PBXNativeTarget;
			buildConfigurationList = A4C9CAAD22BAD453006E785F /* Build configuration list for PBXNativeTarget "Task" */;
			buildPhases = (
				A4C9CA9422BAD451006E785F /* Sources */,
				A4C9CA9522BAD451006E785F /* Frameworks */,
				A4C9CA9622BAD451006E785F /* Resources */,
			);
			buildRules = (
			);
			dependencies = (
			);
			name = Task;
			productName = Task;
			productReference = A4C9CA9822BAD451006E785F /* Task.app */;
			productType = "com.apple.product-type.application";
		};
/* End PBXNativeTarget section */

/* Begin PBXProject section */
		A4C9CA9022BAD451006E785F /* Project object */ = {
			isa = PBXProject;
			attributes = {
				LastSwiftUpdateCheck = 1020;
				LastUpgradeCheck = 1020;
				ORGANIZATIONNAME = "Jason Mandozzi";
				TargetAttributes = {
					A4C9CA9722BAD451006E785F = {
						CreatedOnToolsVersion = 10.2.1;
					};
				};
			};
			buildConfigurationList = A4C9CA9322BAD451006E785F /* Build configuration list for PBXProject "Task" */;
			compatibilityVersion = "Xcode 9.3";
			developmentRegion = en;
			hasScannedForEncodings = 0;
			knownRegions = (
				en,
				Base,
			);
			mainGroup = A4C9CA8F22BAD451006E785F;
			productRefGroup = A4C9CA9922BAD451006E785F /* Products */;
			projectDirPath = "";
			projectRoot = "";
			targets = (
				A4C9CA9722BAD451006E785F /* Task */,
			);
		};
/* End PBXProject section */

/* Begin PBXResourcesBuildPhase section */
		A4C9CA9622BAD451006E785F /* Resources */ = {
			isa = PBXResourcesBuildPhase;
			buildActionMask = 2147483647;
			files = (
				A4C9CAA922BAD453006E785F /* LaunchScreen.storyboard in Resources */,
				A4C9CAA622BAD453006E785F /* Assets.xcassets in Resources */,
				A4C9CAA122BAD451006E785F /* Main.storyboard in Resources */,
			);
			runOnlyForDeploymentPostprocessing = 0;
		};
/* End PBXResourcesBuildPhase section */

/* Begin PBXSourcesBuildPhase section */
		A4C9CA9422BAD451006E785F /* Sources */ = {
			isa = PBXSourcesBuildPhase;
			buildActionMask = 2147483647;
			files = (
				A4C9CAC022BB13FE006E785F /* ButtonTableViewCell.swift in Sources */,
				A4C9CABB22BAE02A006E785F /* TaskController.swift in Sources */,
				A4C9CAA422BAD451006E785F /* Task.xcdatamodeld in Sources */,
				A4C9CAB122BAD6A7006E785F /* TaskListTableViewController.swift in Sources */,
				A4C9CAB822BADD41006E785F /* Task+Convenience.swift in Sources */,
				A4C9CAB622BADC18006E785F /* CoreDataStack.swift in Sources */,
				A4C9CABE22BB0154006E785F /* DateHelpers.swift in Sources */,
				A4C9CAB422BADBCE006E785F /* TaskDetailTableViewController.swift in Sources */,
				A4C9CA9C22BAD451006E785F /* AppDelegate.swift in Sources */,
			);
			runOnlyForDeploymentPostprocessing = 0;
		};
/* End PBXSourcesBuildPhase section */

/* Begin PBXVariantGroup section */
		A4C9CA9F22BAD451006E785F /* Main.storyboard */ = {
			isa = PBXVariantGroup;
			children = (
				A4C9CAA022BAD451006E785F /* Base */,
			);
			name = Main.storyboard;
			sourceTree = "<group>";
		};
		A4C9CAA722BAD453006E785F /* LaunchScreen.storyboard */ = {
			isa = PBXVariantGroup;
			children = (
				A4C9CAA822BAD453006E785F /* Base */,
			);
			name = LaunchScreen.storyboard;
			sourceTree = "<group>";
		};
/* End PBXVariantGroup section */

/* Begin XCBuildConfiguration section */
		A4C9CAAB22BAD453006E785F /* Debug */ = {
			isa = XCBuildConfiguration;
			buildSettings = {
				ALWAYS_SEARCH_USER_PATHS = NO;
				CLANG_ANALYZER_NONNULL = YES;
				CLANG_ANALYZER_NUMBER_OBJECT_CONVERSION = YES_AGGRESSIVE;
				CLANG_CXX_LANGUAGE_STANDARD = "gnu++14";
				CLANG_CXX_LIBRARY = "libc++";
				CLANG_ENABLE_MODULES = YES;
				CLANG_ENABLE_OBJC_ARC = YES;
				CLANG_ENABLE_OBJC_WEAK = YES;
				CLANG_WARN_BLOCK_CAPTURE_AUTORELEASING = YES;
				CLANG_WARN_BOOL_CONVERSION = YES;
				CLANG_WARN_COMMA = YES;
				CLANG_WARN_CONSTANT_CONVERSION = YES;
				CLANG_WARN_DEPRECATED_OBJC_IMPLEMENTATIONS = YES;
				CLANG_WARN_DIRECT_OBJC_ISA_USAGE = YES_ERROR;
				CLANG_WARN_DOCUMENTATION_COMMENTS = YES;
				CLANG_WARN_EMPTY_BODY = YES;
				CLANG_WARN_ENUM_CONVERSION = YES;
				CLANG_WARN_INFINITE_RECURSION = YES;
				CLANG_WARN_INT_CONVERSION = YES;
				CLANG_WARN_NON_LITERAL_NULL_CONVERSION = YES;
				CLANG_WARN_OBJC_IMPLICIT_RETAIN_SELF = YES;
				CLANG_WARN_OBJC_LITERAL_CONVERSION = YES;
				CLANG_WARN_OBJC_ROOT_CLASS = YES_ERROR;
				CLANG_WARN_RANGE_LOOP_ANALYSIS = YES;
				CLANG_WARN_STRICT_PROTOTYPES = YES;
				CLANG_WARN_SUSPICIOUS_MOVE = YES;
				CLANG_WARN_UNGUARDED_AVAILABILITY = YES_AGGRESSIVE;
				CLANG_WARN_UNREACHABLE_CODE = YES;
				CLANG_WARN__DUPLICATE_METHOD_MATCH = YES;
				CODE_SIGN_IDENTITY = "iPhone Developer";
				COPY_PHASE_STRIP = NO;
				DEBUG_INFORMATION_FORMAT = dwarf;
				ENABLE_STRICT_OBJC_MSGSEND = YES;
				ENABLE_TESTABILITY = YES;
				GCC_C_LANGUAGE_STANDARD = gnu11;
				GCC_DYNAMIC_NO_PIC = NO;
				GCC_NO_COMMON_BLOCKS = YES;
				GCC_OPTIMIZATION_LEVEL = 0;
				GCC_PREPROCESSOR_DEFINITIONS = (
					"DEBUG=1",
					"$(inherited)",
				);
				GCC_WARN_64_TO_32_BIT_CONVERSION = YES;
				GCC_WARN_ABOUT_RETURN_TYPE = YES_ERROR;
				GCC_WARN_UNDECLARED_SELECTOR = YES;
				GCC_WARN_UNINITIALIZED_AUTOS = YES_AGGRESSIVE;
				GCC_WARN_UNUSED_FUNCTION = YES;
				GCC_WARN_UNUSED_VARIABLE = YES;
				IPHONEOS_DEPLOYMENT_TARGET = 12.2;
				MTL_ENABLE_DEBUG_INFO = INCLUDE_SOURCE;
				MTL_FAST_MATH = YES;
				ONLY_ACTIVE_ARCH = YES;
				SDKROOT = iphoneos;
				SWIFT_ACTIVE_COMPILATION_CONDITIONS = DEBUG;
				SWIFT_OPTIMIZATION_LEVEL = "-Onone";
			};
			name = Debug;
		};
		A4C9CAAC22BAD453006E785F /* Release */ = {
			isa = XCBuildConfiguration;
			buildSettings = {
				ALWAYS_SEARCH_USER_PATHS = NO;
				CLANG_ANALYZER_NONNULL = YES;
				CLANG_ANALYZER_NUMBER_OBJECT_CONVERSION = YES_AGGRESSIVE;
				CLANG_CXX_LANGUAGE_STANDARD = "gnu++14";
				CLANG_CXX_LIBRARY = "libc++";
				CLANG_ENABLE_MODULES = YES;
				CLANG_ENABLE_OBJC_ARC = YES;
				CLANG_ENABLE_OBJC_WEAK = YES;
				CLANG_WARN_BLOCK_CAPTURE_AUTORELEASING = YES;
				CLANG_WARN_BOOL_CONVERSION = YES;
				CLANG_WARN_COMMA = YES;
				CLANG_WARN_CONSTANT_CONVERSION = YES;
				CLANG_WARN_DEPRECATED_OBJC_IMPLEMENTATIONS = YES;
				CLANG_WARN_DIRECT_OBJC_ISA_USAGE = YES_ERROR;
				CLANG_WARN_DOCUMENTATION_COMMENTS = YES;
				CLANG_WARN_EMPTY_BODY = YES;
				CLANG_WARN_ENUM_CONVERSION = YES;
				CLANG_WARN_INFINITE_RECURSION = YES;
				CLANG_WARN_INT_CONVERSION = YES;
				CLANG_WARN_NON_LITERAL_NULL_CONVERSION = YES;
				CLANG_WARN_OBJC_IMPLICIT_RETAIN_SELF = YES;
				CLANG_WARN_OBJC_LITERAL_CONVERSION = YES;
				CLANG_WARN_OBJC_ROOT_CLASS = YES_ERROR;
				CLANG_WARN_RANGE_LOOP_ANALYSIS = YES;
				CLANG_WARN_STRICT_PROTOTYPES = YES;
				CLANG_WARN_SUSPICIOUS_MOVE = YES;
				CLANG_WARN_UNGUARDED_AVAILABILITY = YES_AGGRESSIVE;
				CLANG_WARN_UNREACHABLE_CODE = YES;
				CLANG_WARN__DUPLICATE_METHOD_MATCH = YES;
				CODE_SIGN_IDENTITY = "iPhone Developer";
				COPY_PHASE_STRIP = NO;
				DEBUG_INFORMATION_FORMAT = "dwarf-with-dsym";
				ENABLE_NS_ASSERTIONS = NO;
				ENABLE_STRICT_OBJC_MSGSEND = YES;
				GCC_C_LANGUAGE_STANDARD = gnu11;
				GCC_NO_COMMON_BLOCKS = YES;
				GCC_WARN_64_TO_32_BIT_CONVERSION = YES;
				GCC_WARN_ABOUT_RETURN_TYPE = YES_ERROR;
				GCC_WARN_UNDECLARED_SELECTOR = YES;
				GCC_WARN_UNINITIALIZED_AUTOS = YES_AGGRESSIVE;
				GCC_WARN_UNUSED_FUNCTION = YES;
				GCC_WARN_UNUSED_VARIABLE = YES;
				IPHONEOS_DEPLOYMENT_TARGET = 12.2;
				MTL_ENABLE_DEBUG_INFO = NO;
				MTL_FAST_MATH = YES;
				SDKROOT = iphoneos;
				SWIFT_COMPILATION_MODE = wholemodule;
				SWIFT_OPTIMIZATION_LEVEL = "-O";
				VALIDATE_PRODUCT = YES;
			};
			name = Release;
		};
		A4C9CAAE22BAD453006E785F /* Debug */ = {
			isa = XCBuildConfiguration;
			buildSettings = {
				ASSETCATALOG_COMPILER_APPICON_NAME = AppIcon;
				CODE_SIGN_STYLE = Automatic;
				DEVELOPMENT_TEAM = 3ZLX8VSJT3;
				INFOPLIST_FILE = "$(SRCROOT)/Task/Resources/Info.plist";
				LD_RUNPATH_SEARCH_PATHS = (
					"$(inherited)",
					"@executable_path/Frameworks",
				);
				PRODUCT_BUNDLE_IDENTIFIER = com.jasonbmandozzi.Task;
				PRODUCT_NAME = "$(TARGET_NAME)";
				SWIFT_VERSION = 5.0;
				TARGETED_DEVICE_FAMILY = "1,2";
			};
			name = Debug;
		};
		A4C9CAAF22BAD453006E785F /* Release */ = {
			isa = XCBuildConfiguration;
			buildSettings = {
				ASSETCATALOG_COMPILER_APPICON_NAME = AppIcon;
				CODE_SIGN_STYLE = Automatic;
				DEVELOPMENT_TEAM = 3ZLX8VSJT3;
				INFOPLIST_FILE = "$(SRCROOT)/Task/Resources/Info.plist";
				LD_RUNPATH_SEARCH_PATHS = (
					"$(inherited)",
					"@executable_path/Frameworks",
				);
				PRODUCT_BUNDLE_IDENTIFIER = com.jasonbmandozzi.Task;
				PRODUCT_NAME = "$(TARGET_NAME)";
				SWIFT_VERSION = 5.0;
				TARGETED_DEVICE_FAMILY = "1,2";
			};
			name = Release;
		};
/* End XCBuildConfiguration section */

/* Begin XCConfigurationList section */
		A4C9CA9322BAD451006E785F /* Build configuration list for PBXProject "Task" */ = {
			isa = XCConfigurationList;
			buildConfigurations = (
				A4C9CAAB22BAD453006E785F /* Debug */,
				A4C9CAAC22BAD453006E785F /* Release */,
			);
			defaultConfigurationIsVisible = 0;
			defaultConfigurationName = Release;
		};
		A4C9CAAD22BAD453006E785F /* Build configuration list for PBXNativeTarget "Task" */ = {
			isa = XCConfigurationList;
			buildConfigurations = (
				A4C9CAAE22BAD453006E785F /* Debug */,
				A4C9CAAF22BAD453006E785F /* Release */,
			);
			defaultConfigurationIsVisible = 0;
			defaultConfigurationName = Release;
		};
/* End XCConfigurationList section */

/* Begin XCVersionGroup section */
		A4C9CAA222BAD451006E785F /* Task.xcdatamodeld */ = {
			isa = XCVersionGroup;
			children = (
				A4C9CAA322BAD451006E785F /* Task.xcdatamodel */,
			);
			currentVersion = A4C9CAA322BAD451006E785F /* Task.xcdatamodel */;
			path = Task.xcdatamodeld;
			sourceTree = "<group>";
			versionGroupType = wrapper.xcdatamodel;
		};
/* End XCVersionGroup section */
	};
	rootObject = A4C9CA9022BAD451006E785F /* Project object */;
}
